
Microsoft Visual Studio Solution File, Format Version 12.00
# Visual Studio Version 17
VisualStudioVersion = 17.0.31912.275
MinimumVisualStudioVersion = 10.0.40219.1
Project("{FAE04EC0-301F-11D3-BF4B-00C04F79EFBC}") = "ToDos_MinimalAPI", "ToDos_MinimalAPI\ToDos_MinimalAPI.csproj", "{4F3AA88A-3D4D-42C7-86B2-72FE74FBCBAA}"
EndProject
Global
	GlobalSection(SolutionConfigurationPlatforms) = preSolution
		Debug|Any CPU = Debug|Any CPU
		Release|Any CPU = Release|Any CPU
	EndGlobalSection
	GlobalSection(ProjectConfigurationPlatforms) = postSolution
		{4F3AA88A-3D4D-42C7-86B2-72FE74FBCBAA}.Debug|Any CPU.ActiveCfg = Debug|Any CPU
		{4F3AA88A-3D4D-42C7-86B2-72FE74FBCBAA}.Debug|Any CPU.Build.0 = Debug|Any CPU
		{4F3AA88A-3D4D-42C7-86B2-72FE74FBCBAA}.Release|Any CPU.ActiveCfg = Release|Any CPU
		{4F3AA88A-3D4D-42C7-86B2-72FE74FBCBAA}.Release|Any CPU.Build.0 = Release|Any CPU
	EndGlobalSection
	GlobalSection(SolutionProperties) = preSolution
		HideSolutionNode = FALSE
	EndGlobalSection
	GlobalSection(ExtensibilityGlobals) = postSolution
		SolutionGuid = {BF5D46D4-DB85-4B75-9560-0521C182BB80}
	EndGlobalSection
EndGlobal
